
Microsoft Visual Studio Solution File, Format Version 12.00
# Visual Studio 14
VisualStudioVersion = 14.0.25420.1
MinimumVisualStudioVersion = 10.0.40219.1
Project("{FAE04EC0-301F-11D3-BF4B-00C04F79EFBC}") = "MicroDocWeb", "MicroDocWeb\MicroDocWeb.csproj", "{553E4C31-479F-4453-8817-293F66EDBD61}"
EndProject
Project("{FAE04EC0-301F-11D3-BF4B-00C04F79EFBC}") = "MicroDoc", "MicroDoc\MicroDoc.csproj", "{EA996A6C-45FC-4998-B51B-EBF3A070A7F8}"
EndProject
Project("{00D1A9C2-B5F0-4AF3-8072-F6C62B433612}") = "MicroDocDB", "MicroDocDB\MicroDocDB.sqlproj", "{59648405-FC83-4B41-8080-7137C40484E8}"
EndProject
Global
	GlobalSection(SolutionConfigurationPlatforms) = preSolution
		Debug|Any CPU = Debug|Any CPU
		Release|Any CPU = Release|Any CPU
	EndGlobalSection
	GlobalSection(ProjectConfigurationPlatforms) = postSolution
		{553E4C31-479F-4453-8817-293F66EDBD61}.Debug|Any CPU.ActiveCfg = Debug|Any CPU
		{553E4C31-479F-4453-8817-293F66EDBD61}.Debug|Any CPU.Build.0 = Debug|Any CPU
		{553E4C31-479F-4453-8817-293F66EDBD61}.Release|Any CPU.ActiveCfg = Release|Any CPU
		{553E4C31-479F-4453-8817-293F66EDBD61}.Release|Any CPU.Build.0 = Release|Any CPU
		{EA996A6C-45FC-4998-B51B-EBF3A070A7F8}.Debug|Any CPU.ActiveCfg = Debug|Any CPU
		{EA996A6C-45FC-4998-B51B-EBF3A070A7F8}.Debug|Any CPU.Build.0 = Debug|Any CPU
		{EA996A6C-45FC-4998-B51B-EBF3A070A7F8}.Release|Any CPU.ActiveCfg = Release|Any CPU
		{EA996A6C-45FC-4998-B51B-EBF3A070A7F8}.Release|Any CPU.Build.0 = Release|Any CPU
		{59648405-FC83-4B41-8080-7137C40484E8}.Debug|Any CPU.ActiveCfg = Debug|Any CPU
		{59648405-FC83-4B41-8080-7137C40484E8}.Debug|Any CPU.Build.0 = Debug|Any CPU
		{59648405-FC83-4B41-8080-7137C40484E8}.Debug|Any CPU.Deploy.0 = Debug|Any CPU
		{59648405-FC83-4B41-8080-7137C40484E8}.Release|Any CPU.ActiveCfg = Release|Any CPU
		{59648405-FC83-4B41-8080-7137C40484E8}.Release|Any CPU.Build.0 = Release|Any CPU
		{59648405-FC83-4B41-8080-7137C40484E8}.Release|Any CPU.Deploy.0 = Release|Any CPU
	EndGlobalSection
	GlobalSection(SolutionProperties) = preSolution
		HideSolutionNode = FALSE
	EndGlobalSection
EndGlobal
